
Microsoft Visual Studio Solution File, Format Version 12.00
# Visual Studio Version 17
VisualStudioVersion = 17.9.34728.123
MinimumVisualStudioVersion = 10.0.40219.1
Project("{FAE04EC0-301F-11D3-BF4B-00C04F79EFBC}") = "Laboratorio 1", "Laboratorio 1\Laboratorio 1.csproj", "{108EE17E-0A4D-4BD0-AC5B-0E90DE8FFCF8}"
EndProject
Global
	GlobalSection(SolutionConfigurationPlatforms) = preSolution
		Debug|Any CPU = Debug|Any CPU
		Release|Any CPU = Release|Any CPU
	EndGlobalSection
	GlobalSection(ProjectConfigurationPlatforms) = postSolution
		{108EE17E-0A4D-4BD0-AC5B-0E90DE8FFCF8}.Debug|Any CPU.ActiveCfg = Debug|Any CPU
		{108EE17E-0A4D-4BD0-AC5B-0E90DE8FFCF8}.Debug|Any CPU.Build.0 = Debug|Any CPU
		{108EE17E-0A4D-4BD0-AC5B-0E90DE8FFCF8}.Release|Any CPU.ActiveCfg = Release|Any CPU
		{108EE17E-0A4D-4BD0-AC5B-0E90DE8FFCF8}.Release|Any CPU.Build.0 = Release|Any CPU
	EndGlobalSection
	GlobalSection(SolutionProperties) = preSolution
		HideSolutionNode = FALSE
	EndGlobalSection
	GlobalSection(ExtensibilityGlobals) = postSolution
		SolutionGuid = {60F84945-8522-4B8C-993C-972615DAD746}
	EndGlobalSection
EndGlobal
